
Microsoft Visual Studio Solution File, Format Version 12.00
# Visual Studio Version 16
VisualStudioVersion = 16.0.30804.86
MinimumVisualStudioVersion = 10.0.40219.1
Project("{FAE04EC0-301F-11D3-BF4B-00C04F79EFBC}") = "DataMapper", "DataMapper\DataMapper.csproj", "{7F805AD1-FF68-4A61-9C75-51CDE149A24C}"
EndProject
Global
	GlobalSection(SolutionConfigurationPlatforms) = preSolution
		Debug|Any CPU = Debug|Any CPU
		Release|Any CPU = Release|Any CPU
	EndGlobalSection
	GlobalSection(ProjectConfigurationPlatforms) = postSolution
		{7F805AD1-FF68-4A61-9C75-51CDE149A24C}.Debug|Any CPU.ActiveCfg = Debug|Any CPU
		{7F805AD1-FF68-4A61-9C75-51CDE149A24C}.Debug|Any CPU.Build.0 = Debug|Any CPU
		{7F805AD1-FF68-4A61-9C75-51CDE149A24C}.Release|Any CPU.ActiveCfg = Release|Any CPU
		{7F805AD1-FF68-4A61-9C75-51CDE149A24C}.Release|Any CPU.Build.0 = Release|Any CPU
	EndGlobalSection
	GlobalSection(SolutionProperties) = preSolution
		HideSolutionNode = FALSE
	EndGlobalSection
	GlobalSection(ExtensibilityGlobals) = postSolution
		SolutionGuid = {082BA9FC-D4D1-4AF8-858B-A1DABFEBA9DE}
	EndGlobalSection
EndGlobal
